
Microsoft Visual Studio Solution File, Format Version 12.00
# Visual Studio Version 16
VisualStudioVersion = 16.0.31515.178
MinimumVisualStudioVersion = 10.0.40219.1
Project("{FAE04EC0-301F-11D3-BF4B-00C04F79EFBC}") = "CheckNumber_pr10", "CheckNumber_pr10\CheckNumber_pr10.csproj", "{80CFD793-14CC-4E3C-A940-D7E8155F37EC}"
EndProject
Global
	GlobalSection(SolutionConfigurationPlatforms) = preSolution
		Debug|Any CPU = Debug|Any CPU
		Release|Any CPU = Release|Any CPU
	EndGlobalSection
	GlobalSection(ProjectConfigurationPlatforms) = postSolution
		{80CFD793-14CC-4E3C-A940-D7E8155F37EC}.Debug|Any CPU.ActiveCfg = Debug|Any CPU
		{80CFD793-14CC-4E3C-A940-D7E8155F37EC}.Debug|Any CPU.Build.0 = Debug|Any CPU
		{80CFD793-14CC-4E3C-A940-D7E8155F37EC}.Release|Any CPU.ActiveCfg = Release|Any CPU
		{80CFD793-14CC-4E3C-A940-D7E8155F37EC}.Release|Any CPU.Build.0 = Release|Any CPU
	EndGlobalSection
	GlobalSection(SolutionProperties) = preSolution
		HideSolutionNode = FALSE
	EndGlobalSection
	GlobalSection(ExtensibilityGlobals) = postSolution
		SolutionGuid = {555A582A-6934-45FA-8027-4311BAAB7E53}
	EndGlobalSection
EndGlobal
