
Microsoft Visual Studio Solution File, Format Version 12.00
# Visual Studio Version 16
VisualStudioVersion = 16.0.31515.178
MinimumVisualStudioVersion = 10.0.40219.1
Project("{FAE04EC0-301F-11D3-BF4B-00C04F79EFBC}") = "NoOfBinarySearchTree", "NoOfBinarySearchTree\NoOfBinarySearchTree.csproj", "{0FB5A2E2-180E-463B-AF77-6F52F9E358CC}"
EndProject
Global
	GlobalSection(SolutionConfigurationPlatforms) = preSolution
		Debug|Any CPU = Debug|Any CPU
		Release|Any CPU = Release|Any CPU
	EndGlobalSection
	GlobalSection(ProjectConfigurationPlatforms) = postSolution
		{0FB5A2E2-180E-463B-AF77-6F52F9E358CC}.Debug|Any CPU.ActiveCfg = Debug|Any CPU
		{0FB5A2E2-180E-463B-AF77-6F52F9E358CC}.Debug|Any CPU.Build.0 = Debug|Any CPU
		{0FB5A2E2-180E-463B-AF77-6F52F9E358CC}.Release|Any CPU.ActiveCfg = Release|Any CPU
		{0FB5A2E2-180E-463B-AF77-6F52F9E358CC}.Release|Any CPU.Build.0 = Release|Any CPU
	EndGlobalSection
	GlobalSection(SolutionProperties) = preSolution
		HideSolutionNode = FALSE
	EndGlobalSection
	GlobalSection(ExtensibilityGlobals) = postSolution
		SolutionGuid = {C4BF6EAF-907A-4676-9106-67C8049E67A5}
	EndGlobalSection
EndGlobal
